
Microsoft Visual Studio Solution File, Format Version 12.00
# Visual Studio Version 16
VisualStudioVersion = 16.0.30611.23
MinimumVisualStudioVersion = 10.0.40219.1
Project("{9A19103F-16F7-4668-BE54-9A1E7A4F7556}") = "TaskManagementSystem.Infrastructure", "TaskManagementSystem.Infrastructure\TaskManagementSystem.Infrastructure.csproj", "{9037AB36-7915-4149-8EBB-21D493C26B10}"
EndProject
Project("{9A19103F-16F7-4668-BE54-9A1E7A4F7556}") = "TaskManagementSystem.BusinessObjects", "TaskManagementSystem.BusinessObjects\TaskManagementSystem.BusinessObjects.csproj", "{2FF350E1-1C58-4C73-A5D6-245F955C5EC3}"
EndProject
Project("{FAE04EC0-301F-11D3-BF4B-00C04F79EFBC}") = "TaskManagementSystem.Web.ClientApp", "TaskManagementSystem.Web.ClientApp\TaskManagementSystem.Web.ClientApp.csproj", "{0775A3DA-726A-4A47-BF06-9D2BBD7DC749}"
EndProject
Project("{FAE04EC0-301F-11D3-BF4B-00C04F79EFBC}") = "TaskManagementSystem.Web.Api", "TaskManagementSystem.Web.Api\TaskManagementSystem.Web.Api.csproj", "{F9770CF9-F92E-43A1-80AB-DB60BD4AA9B9}"
EndProject
Global
	GlobalSection(SolutionConfigurationPlatforms) = preSolution
		Debug|Any CPU = Debug|Any CPU
		Release|Any CPU = Release|Any CPU
	EndGlobalSection
	GlobalSection(ProjectConfigurationPlatforms) = postSolution
		{9037AB36-7915-4149-8EBB-21D493C26B10}.Debug|Any CPU.ActiveCfg = Debug|Any CPU
		{9037AB36-7915-4149-8EBB-21D493C26B10}.Debug|Any CPU.Build.0 = Debug|Any CPU
		{9037AB36-7915-4149-8EBB-21D493C26B10}.Release|Any CPU.ActiveCfg = Release|Any CPU
		{9037AB36-7915-4149-8EBB-21D493C26B10}.Release|Any CPU.Build.0 = Release|Any CPU
		{2FF350E1-1C58-4C73-A5D6-245F955C5EC3}.Debug|Any CPU.ActiveCfg = Debug|Any CPU
		{2FF350E1-1C58-4C73-A5D6-245F955C5EC3}.Debug|Any CPU.Build.0 = Debug|Any CPU
		{2FF350E1-1C58-4C73-A5D6-245F955C5EC3}.Release|Any CPU.ActiveCfg = Release|Any CPU
		{2FF350E1-1C58-4C73-A5D6-245F955C5EC3}.Release|Any CPU.Build.0 = Release|Any CPU
		{0775A3DA-726A-4A47-BF06-9D2BBD7DC749}.Debug|Any CPU.ActiveCfg = Debug|Any CPU
		{0775A3DA-726A-4A47-BF06-9D2BBD7DC749}.Debug|Any CPU.Build.0 = Debug|Any CPU
		{0775A3DA-726A-4A47-BF06-9D2BBD7DC749}.Release|Any CPU.ActiveCfg = Release|Any CPU
		{0775A3DA-726A-4A47-BF06-9D2BBD7DC749}.Release|Any CPU.Build.0 = Release|Any CPU
		{F9770CF9-F92E-43A1-80AB-DB60BD4AA9B9}.Debug|Any CPU.ActiveCfg = Debug|Any CPU
		{F9770CF9-F92E-43A1-80AB-DB60BD4AA9B9}.Debug|Any CPU.Build.0 = Debug|Any CPU
		{F9770CF9-F92E-43A1-80AB-DB60BD4AA9B9}.Release|Any CPU.ActiveCfg = Release|Any CPU
		{F9770CF9-F92E-43A1-80AB-DB60BD4AA9B9}.Release|Any CPU.Build.0 = Release|Any CPU
	EndGlobalSection
	GlobalSection(SolutionProperties) = preSolution
		HideSolutionNode = FALSE
	EndGlobalSection
	GlobalSection(ExtensibilityGlobals) = postSolution
		SolutionGuid = {B375FA8D-A291-4263-A359-7DC093CD79C1}
	EndGlobalSection
EndGlobal
